
Microsoft Visual Studio Solution File, Format Version 12.00
# Visual Studio 14
VisualStudioVersion = 14.0.25420.1
MinimumVisualStudioVersion = 10.0.40219.1
Project("{FAE04EC0-301F-11D3-BF4B-00C04F79EFBC}") = "LachesisStats", "LachesisStats.csproj", "{C6B68CDB-A8D9-4260-80DF-052E0C9EEAAA}"
EndProject
Project("{FAE04EC0-301F-11D3-BF4B-00C04F79EFBC}") = "LachesisStatsLib", "LachesisStatsLib\LachesisStatsLib.csproj", "{F5050C83-E38E-4BFE-B152-3F77F7CE6822}"
EndProject
Global
	GlobalSection(SolutionConfigurationPlatforms) = preSolution
		Debug|Any CPU = Debug|Any CPU
		Release|Any CPU = Release|Any CPU
	EndGlobalSection
	GlobalSection(ProjectConfigurationPlatforms) = postSolution
		{C6B68CDB-A8D9-4260-80DF-052E0C9EEAAA}.Debug|Any CPU.ActiveCfg = Debug|Any CPU
		{C6B68CDB-A8D9-4260-80DF-052E0C9EEAAA}.Debug|Any CPU.Build.0 = Debug|Any CPU
		{C6B68CDB-A8D9-4260-80DF-052E0C9EEAAA}.Release|Any CPU.ActiveCfg = Release|Any CPU
		{C6B68CDB-A8D9-4260-80DF-052E0C9EEAAA}.Release|Any CPU.Build.0 = Release|Any CPU
		{F5050C83-E38E-4BFE-B152-3F77F7CE6822}.Debug|Any CPU.ActiveCfg = Debug|Any CPU
		{F5050C83-E38E-4BFE-B152-3F77F7CE6822}.Debug|Any CPU.Build.0 = Debug|Any CPU
		{F5050C83-E38E-4BFE-B152-3F77F7CE6822}.Release|Any CPU.ActiveCfg = Release|Any CPU
		{F5050C83-E38E-4BFE-B152-3F77F7CE6822}.Release|Any CPU.Build.0 = Release|Any CPU
	EndGlobalSection
	GlobalSection(SolutionProperties) = preSolution
		HideSolutionNode = FALSE
	EndGlobalSection
EndGlobal
